{
  "name": "web-kai",
  "version": "1.0.0",
  "lockfileVersion": 3,
  "requires": true,
  "packages": {
    "": {
      "name": "web-kai",
      "version": "1.0.0",
      "devDependencies": {
        "@vkontakte/vk-bridge": "^2.10.0"
      }
    },
    "node_modules/@vkontakte/vk-bridge": {
      "version": "2.10.0",
      "resolved": "https://registry.npmjs.org/@vkontakte/vk-bridge/-/vk-bridge-2.10.0.tgz",
      "integrity": "sha512-mkBq0sZfID8Z8CJ8G863XEHBQF/QTkyXFEo+7IlCBN+umlaCx0bI0L7a3vBxAAEIU/z6j5+twYT+0ty/y3f6+w==",
      "dev": true
    }
  }
}
